
Microsoft Visual Studio Solution File, Format Version 12.00
# Visual Studio Version 17
VisualStudioVersion = 17.0.32126.317
MinimumVisualStudioVersion = 10.0.40219.1
Project("{FAE04EC0-301F-11D3-BF4B-00C04F79EFBC}") = "DogGo", "DogGo\DogGo.csproj", "{812200E9-D381-4F6B-AA0B-6865FCBDCE80}"
EndProject
Global
	GlobalSection(SolutionConfigurationPlatforms) = preSolution
		Debug|Any CPU = Debug|Any CPU
		Release|Any CPU = Release|Any CPU
	EndGlobalSection
	GlobalSection(ProjectConfigurationPlatforms) = postSolution
		{812200E9-D381-4F6B-AA0B-6865FCBDCE80}.Debug|Any CPU.ActiveCfg = Debug|Any CPU
		{812200E9-D381-4F6B-AA0B-6865FCBDCE80}.Debug|Any CPU.Build.0 = Debug|Any CPU
		{812200E9-D381-4F6B-AA0B-6865FCBDCE80}.Release|Any CPU.ActiveCfg = Release|Any CPU
		{812200E9-D381-4F6B-AA0B-6865FCBDCE80}.Release|Any CPU.Build.0 = Release|Any CPU
	EndGlobalSection
	GlobalSection(SolutionProperties) = preSolution
		HideSolutionNode = FALSE
	EndGlobalSection
	GlobalSection(ExtensibilityGlobals) = postSolution
		SolutionGuid = {F8175FDA-DDE5-4E9F-B9BF-6262D484060F}
	EndGlobalSection
EndGlobal
